
Microsoft Visual Studio Solution File, Format Version 12.00
# Visual Studio Version 17
VisualStudioVersion = 17.3.32929.385
MinimumVisualStudioVersion = 10.0.40219.1
Project("{FAE04EC0-301F-11D3-BF4B-00C04F79EFBC}") = "InventoryManagementApp", "InventoryManagementApp.csproj", "{ADA00B97-8D67-45D3-BFBC-E33846DE49EE}"
EndProject
Global
	GlobalSection(SolutionConfigurationPlatforms) = preSolution
		Debug|Any CPU = Debug|Any CPU
		Release|Any CPU = Release|Any CPU
	EndGlobalSection
	GlobalSection(ProjectConfigurationPlatforms) = postSolution
		{ADA00B97-8D67-45D3-BFBC-E33846DE49EE}.Debug|Any CPU.ActiveCfg = Debug|Any CPU
		{ADA00B97-8D67-45D3-BFBC-E33846DE49EE}.Debug|Any CPU.Build.0 = Debug|Any CPU
		{ADA00B97-8D67-45D3-BFBC-E33846DE49EE}.Release|Any CPU.ActiveCfg = Release|Any CPU
		{ADA00B97-8D67-45D3-BFBC-E33846DE49EE}.Release|Any CPU.Build.0 = Release|Any CPU
	EndGlobalSection
	GlobalSection(SolutionProperties) = preSolution
		HideSolutionNode = FALSE
	EndGlobalSection
	GlobalSection(ExtensibilityGlobals) = postSolution
		SolutionGuid = {1FCD0406-A9FE-4DB0-9105-F024726C0BC1}
	EndGlobalSection
EndGlobal
