
Microsoft Visual Studio Solution File, Format Version 12.00
# Visual Studio Version 17
VisualStudioVersion = 17.3.32929.385
MinimumVisualStudioVersion = 10.0.40219.1
Project("{FAE04EC0-301F-11D3-BF4B-00C04F79EFBC}") = "WindowsFormsApp1", "WindowsFormsApp1.csproj", "{1DEEA739-E728-4CEC-844B-30D97FB35BCC}"
EndProject
Global
	GlobalSection(SolutionConfigurationPlatforms) = preSolution
		Debug|Any CPU = Debug|Any CPU
		Release|Any CPU = Release|Any CPU
	EndGlobalSection
	GlobalSection(ProjectConfigurationPlatforms) = postSolution
		{1DEEA739-E728-4CEC-844B-30D97FB35BCC}.Debug|Any CPU.ActiveCfg = Debug|Any CPU
		{1DEEA739-E728-4CEC-844B-30D97FB35BCC}.Debug|Any CPU.Build.0 = Debug|Any CPU
		{1DEEA739-E728-4CEC-844B-30D97FB35BCC}.Release|Any CPU.ActiveCfg = Release|Any CPU
		{1DEEA739-E728-4CEC-844B-30D97FB35BCC}.Release|Any CPU.Build.0 = Release|Any CPU
	EndGlobalSection
	GlobalSection(SolutionProperties) = preSolution
		HideSolutionNode = FALSE
	EndGlobalSection
	GlobalSection(ExtensibilityGlobals) = postSolution
		SolutionGuid = {F6B32AAA-2575-4381-A00C-40882321340B}
	EndGlobalSection
EndGlobal
